<<<<<<< HEAD
Microsoft Visual Studio Solution File, Format Version 11.00
# Visual Studio 2008

Project("{20C53AF2-5B43-5B89-B560-A911A1EF20CF}") = "Acro-Storm-Engine", "Assembly-CSharp.csproj", "{E86B006B-7ECD-6A26-B3A8-6F2E3BC151F9}"
EndProject
Global
	GlobalSection(SolutionConfigurationPlatforms) = preSolution
		Debug|Any CPU = Debug|Any CPU
		Release|Any CPU = Release|Any CPU
	EndGlobalSection
	GlobalSection(ProjectConfigurationPlatforms) = postSolution
		{E86B006B-7ECD-6A26-B3A8-6F2E3BC151F9}.Debug|Any CPU.ActiveCfg = Debug|Any CPU
		{E86B006B-7ECD-6A26-B3A8-6F2E3BC151F9}.Debug|Any CPU.Build.0 = Debug|Any CPU
		{E86B006B-7ECD-6A26-B3A8-6F2E3BC151F9}.Release|Any CPU.ActiveCfg = Release|Any CPU
		{E86B006B-7ECD-6A26-B3A8-6F2E3BC151F9}.Release|Any CPU.Build.0 = Release|Any CPU
	EndGlobalSection
	GlobalSection(SolutionProperties) = preSolution
		HideSolutionNode = FALSE
	EndGlobalSection
		GlobalSection(MonoDevelopProperties) = preSolution
		StartupItem = Assembly-CSharp.csproj
		Policies = $0
		$0.TextStylePolicy = $1
		$1.inheritsSet = null
		$1.scope = text/x-csharp
		$0.CSharpFormattingPolicy = $2
		$2.inheritsSet = Mono
		$2.inheritsScope = text/x-csharp
		$2.scope = text/x-csharp
		$0.TextStylePolicy = $3
		$3.FileWidth = 120
		$3.TabWidth = 4
		$3.EolMarker = Unix
		$3.inheritsSet = Mono
		$3.inheritsScope = text/plain
		$3.scope = text/plain
	EndGlobalSection

EndGlobal
=======
Microsoft Visual Studio Solution File, Format Version 11.00
# Visual Studio 2008

Project("{20C53AF2-5B43-5B89-B560-A911A1EF20CF}") = "Acro-Storm-Engine", "Assembly-CSharp.csproj", "{E86B006B-7ECD-6A26-B3A8-6F2E3BC151F9}"
EndProject
Global
	GlobalSection(SolutionConfigurationPlatforms) = preSolution
		Debug|Any CPU = Debug|Any CPU
		Release|Any CPU = Release|Any CPU
	EndGlobalSection
	GlobalSection(ProjectConfigurationPlatforms) = postSolution
		{E86B006B-7ECD-6A26-B3A8-6F2E3BC151F9}.Debug|Any CPU.ActiveCfg = Debug|Any CPU
		{E86B006B-7ECD-6A26-B3A8-6F2E3BC151F9}.Debug|Any CPU.Build.0 = Debug|Any CPU
		{E86B006B-7ECD-6A26-B3A8-6F2E3BC151F9}.Release|Any CPU.ActiveCfg = Release|Any CPU
		{E86B006B-7ECD-6A26-B3A8-6F2E3BC151F9}.Release|Any CPU.Build.0 = Release|Any CPU
	EndGlobalSection
	GlobalSection(SolutionProperties) = preSolution
		HideSolutionNode = FALSE
	EndGlobalSection
											GlobalSection(MonoDevelopProperties) = preSolution
		StartupItem = Assembly-CSharp.csproj
		Policies = $0
		$0.TextStylePolicy = $1
		$1.inheritsSet = null
		$1.scope = text/x-csharp
		$0.CSharpFormattingPolicy = $2
		$2.inheritsSet = Mono
		$2.inheritsScope = text/x-csharp
		$2.scope = text/x-csharp
		$0.TextStylePolicy = $3
		$3.FileWidth = 120
		$3.TabWidth = 4
		$3.EolMarker = Unix
		$3.inheritsSet = Mono
		$3.inheritsScope = text/plain
		$3.scope = text/plain
	EndGlobalSection

EndGlobal
>>>>>>> d56662c6c55234ce696e6b83f67ac0f86668e6bd
